// !$*UTF8*$!
{
	archiveVersion = 1;
	classes = {
	};
	objectVersion = 46;
	objects = {

/* Begin PBXBuildFile section */
		210983E9192A31710094521E /* Foundation.framework in Frameworks */ = {isa = PBXBuildFile; fileRef = 210983E8192A31710094521E /* Foundation.framework */; };
		210983EB192A31710094521E /* CoreGraphics.framework in Frameworks */ = {isa = PBXBuildFile; fileRef = 210983EA192A31710094521E /* CoreGraphics.framework */; };
		210983ED192A31710094521E /* UIKit.framework in Frameworks */ = {isa = PBXBuildFile; fileRef = 210983EC192A31710094521E /* UIKit.framework */; };
		210983EF192A31710094521E /* SpriteKit.framework in Frameworks */ = {isa = PBXBuildFile; fileRef = 210983EE192A31710094521E /* SpriteKit.framework */; };
		210983F5192A31710094521E /* InfoPlist.strings in Resources */ = {isa = PBXBuildFile; fileRef = 210983F3192A31710094521E /* InfoPlist.strings */; };
		210983F7192A31710094521E /* main.m in Sources */ = {isa = PBXBuildFile; fileRef = 210983F6192A31710094521E /* main.m */; };
		210983FB192A31710094521E /* MMAppDelegate.m in Sources */ = {isa = PBXBuildFile; fileRef = 210983FA192A31710094521E /* MMAppDelegate.m */; };
		210983FE192A31710094521E /* Main_iPhone.storyboard in Resources */ = {isa = PBXBuildFile; fileRef = 210983FC192A31710094521E /* Main_iPhone.storyboard */; };
		21098401192A31710094521E /* Main_iPad.storyboard in Resources */ = {isa = PBXBuildFile; fileRef = 210983FF192A31710094521E /* Main_iPad.storyboard */; };
		21098404192A31710094521E /* MMViewController.m in Sources */ = {isa = PBXBuildFile; fileRef = 21098403192A31710094521E /* MMViewController.m */; };
		21098407192A31710094521E /* MMMyScene.m in Sources */ = {isa = PBXBuildFile; fileRef = 21098406192A31710094521E /* MMMyScene.m */; };
		21098409192A31710094521E /* Spaceship.png in Resources */ = {isa = PBXBuildFile; fileRef = 21098408192A31710094521E /* Spaceship.png */; };
		2109840B192A31710094521E /* Images.xcassets in Resources */ = {isa = PBXBuildFile; fileRef = 2109840A192A31710094521E /* Images.xcassets */; };
		21098412192A31710094521E /* XCTest.framework in Frameworks */ = {isa = PBXBuildFile; fileRef = 21098411192A31710094521E /* XCTest.framework */; };
		21098413192A31710094521E /* Foundation.framework in Frameworks */ = {isa = PBXBuildFile; fileRef = 210983E8192A31710094521E /* Foundation.framework */; };
		21098414192A31710094521E /* UIKit.framework in Frameworks */ = {isa = PBXBuildFile; fileRef = 210983EC192A31710094521E /* UIKit.framework */; };
		2109841C192A31710094521E /* InfoPlist.strings in Resources */ = {isa = PBXBuildFile; fileRef = 2109841A192A31710094521E /* InfoPlist.strings */; };
		2109841E192A31710094521E /* SpriteKitSpeedRunTests.m in Sources */ = {isa = PBXBuildFile; fileRef = 2109841D192A31710094521E /* SpriteKitSpeedRunTests.m */; };
		21098428192A35300094521E /* README.md in Resources */ = {isa = PBXBuildFile; fileRef = 21098427192A35300094521E /* README.md */; };
		2178E1CF192BD0DC0041252D /* StarField.sks in Resources */ = {isa = PBXBuildFile; fileRef = 2178E1CD192BD0DC0041252D /* StarField.sks */; };
		2178E1D0192BD0DC0041252D /* spark.png in Resources */ = {isa = PBXBuildFile; fileRef = 2178E1CE192BD0DC0041252D /* spark.png */; };
		219F6244192E53350054F227 /* SpriteTextures.xcassets in Resources */ = {isa = PBXBuildFile; fileRef = 219F6243192E53340054F227 /* SpriteTextures.xcassets */; };
/* End PBXBuildFile section */

/* Begin PBXContainerItemProxy section */
		21098415192A31710094521E /* PBXContainerItemProxy */ = {
			isa = PBXContainerItemProxy;
			containerPortal = 210983DD192A31710094521E /* Project object */;
			proxyType = 1;
			remoteGlobalIDString = 210983E4192A31710094521E;
			remoteInfo = SpriteKitSpeedRun;
		};
/* End PBXContainerItemProxy section */

/* Begin PBXFileReference section */
		210983E5192A31710094521E /* SpriteKitSpeedRun.app */ = {isa = PBXFileReference; explicitFileType = wrapper.application; includeInIndex = 0; path = SpriteKitSpeedRun.app; sourceTree = BUILT_PRODUCTS_DIR; };
		210983E8192A31710094521E /* Foundation.framework */ = {isa = PBXFileReference; lastKnownFileType = wrapper.framework; name = Foundation.framework; path = System/Library/Frameworks/Foundation.framework; sourceTree = SDKROOT; };
		210983EA192A31710094521E /* CoreGraphics.framework */ = {isa = PBXFileReference; lastKnownFileType = wrapper.framework; name = CoreGraphics.framework; path = System/Library/Frameworks/CoreGraphics.framework; sourceTree = SDKROOT; };
		210983EC192A31710094521E /* UIKit.framework */ = {isa = PBXFileReference; lastKnownFileType = wrapper.framework; name = UIKit.framework; path = System/Library/Frameworks/UIKit.framework; sourceTree = SDKROOT; };
		210983EE192A31710094521E /* SpriteKit.framework */ = {isa = PBXFileReference; lastKnownFileType = wrapper.framework; name = SpriteKit.framework; path = System/Library/Frameworks/SpriteKit.framework; sourceTree = SDKROOT; };
		210983F2192A31710094521E /* SpriteKitSpeedRun-Info.plist */ = {isa = PBXFileReference; lastKnownFileType = text.plist.xml; path = "SpriteKitSpeedRun-Info.plist"; sourceTree = "<group>"; };
		210983F4192A31710094521E /* en */ = {isa = PBXFileReference; lastKnownFileType = text.plist.strings; name = en; path = en.lproj/InfoPlist.strings; sourceTree = "<group>"; };
		210983F6192A31710094521E /* main.m */ = {isa = PBXFileReference; lastKnownFileType = sourcecode.c.objc; path = main.m; sourceTree = "<group>"; };
		210983F8192A31710094521E /* SpriteKitSpeedRun-Prefix.pch */ = {isa = PBXFileReference; lastKnownFileType = sourcecode.c.h; path = "SpriteKitSpeedRun-Prefix.pch"; sourceTree = "<group>"; };
		210983F9192A31710094521E /* MMAppDelegate.h */ = {isa = PBXFileReference; lastKnownFileType = sourcecode.c.h; path = MMAppDelegate.h; sourceTree = "<group>"; };
		210983FA192A31710094521E /* MMAppDelegate.m */ = {isa = PBXFileReference; lastKnownFileType = sourcecode.c.objc; path = MMAppDelegate.m; sourceTree = "<group>"; };
		210983FD192A31710094521E /* Base */ = {isa = PBXFileReference; lastKnownFileType = file.storyboard; name = Base; path = Base.lproj/Main_iPhone.storyboard; sourceTree = "<group>"; };
		21098400192A31710094521E /* Base */ = {isa = PBXFileReference; lastKnownFileType = file.storyboard; name = Base; path = Base.lproj/Main_iPad.storyboard; sourceTree = "<group>"; };
		21098402192A31710094521E /* MMViewController.h */ = {isa = PBXFileReference; lastKnownFileType = sourcecode.c.h; path = MMViewController.h; sourceTree = "<group>"; };
		21098403192A31710094521E /* MMViewController.m */ = {isa = PBXFileReference; lastKnownFileType = sourcecode.c.objc; path = MMViewController.m; sourceTree = "<group>"; };
		21098405192A31710094521E /* MMMyScene.h */ = {isa = PBXFileReference; lastKnownFileType = sourcecode.c.h; path = MMMyScene.h; sourceTree = "<group>"; };
		21098406192A31710094521E /* MMMyScene.m */ = {isa = PBXFileReference; lastKnownFileType = sourcecode.c.objc; path = MMMyScene.m; sourceTree = "<group>"; };
		21098408192A31710094521E /* Spaceship.png */ = {isa = PBXFileReference; lastKnownFileType = image.png; path = Spaceship.png; sourceTree = "<group>"; };
		2109840A192A31710094521E /* Images.xcassets */ = {isa = PBXFileReference; lastKnownFileType = folder.assetcatalog; path = Images.xcassets; sourceTree = "<group>"; };
		21098410192A31710094521E /* SpriteKitSpeedRunTests.xctest */ = {isa = PBXFileReference; explicitFileType = wrapper.cfbundle; includeInIndex = 0; path = SpriteKitSpeedRunTests.xctest; sourceTree = BUILT_PRODUCTS_DIR; };
		21098411192A31710094521E /* XCTest.framework */ = {isa = PBXFileReference; lastKnownFileType = wrapper.framework; name = XCTest.framework; path = Library/Frameworks/XCTest.framework; sourceTree = DEVELOPER_DIR; };
		21098419192A31710094521E /* SpriteKitSpeedRunTests-Info.plist */ = {isa = PBXFileReference; lastKnownFileType = text.plist.xml; path = "SpriteKitSpeedRunTests-Info.plist"; sourceTree = "<group>"; };
		2109841B192A31710094521E /* en */ = {isa = PBXFileReference; lastKnownFileType = text.plist.strings; name = en; path = en.lproj/InfoPlist.strings; sourceTree = "<group>"; };
		2109841D192A31710094521E /* SpriteKitSpeedRunTests.m */ = {isa = PBXFileReference; lastKnownFileType = sourcecode.c.objc; path = SpriteKitSpeedRunTests.m; sourceTree = "<group>"; };
		21098427192A35300094521E /* README.md */ = {isa = PBXFileReference; fileEncoding = 4; lastKnownFileType = text; path = README.md; sourceTree = "<group>"; };
		2178E1CD192BD0DC0041252D /* StarField.sks */ = {isa = PBXFileReference; lastKnownFileType = file.sks; path = StarField.sks; sourceTree = "<group>"; };
		2178E1CE192BD0DC0041252D /* spark.png */ = {isa = PBXFileReference; lastKnownFileType = image.png; path = spark.png; sourceTree = "<group>"; };
		219F6243192E53340054F227 /* SpriteTextures.xcassets */ = {isa = PBXFileReference; lastKnownFileType = folder.assetcatalog; path = SpriteTextures.xcassets; sourceTree = "<group>"; };
/* End PBXFileReference section */

/* Begin PBXFrameworksBuildPhase section */
		210983E2192A31710094521E /* Frameworks */ = {
			isa = PBXFrameworksBuildPhase;
			buildActionMask = 2147483647;
			files = (
				210983EB192A31710094521E /* CoreGraphics.framework in Frameworks */,
				210983ED192A31710094521E /* UIKit.framework in Frameworks */,
				210983EF192A31710094521E /* SpriteKit.framework in Frameworks */,
				210983E9192A31710094521E /* Foundation.framework in Frameworks */,
			);
			runOnlyForDeploymentPostprocessing = 0;
		};
		2109840D192A31710094521E /* Frameworks */ = {
			isa = PBXFrameworksBuildPhase;
			buildActionMask = 2147483647;
			files = (
				21098412192A31710094521E /* XCTest.framework in Frameworks */,
				21098414192A31710094521E /* UIKit.framework in Frameworks */,
				21098413192A31710094521E /* Foundation.framework in Frameworks */,
			);
			runOnlyForDeploymentPostprocessing = 0;
		};
/* End PBXFrameworksBuildPhase section */

/* Begin PBXGroup section */
		210983DC192A31710094521E = {
			isa = PBXGroup;
			children = (
				210983F0192A31710094521E /* SpriteKitSpeedRun */,
				21098417192A31710094521E /* SpriteKitSpeedRunTests */,
				210983E7192A31710094521E /* Frameworks */,
				210983E6192A31710094521E /* Products */,
				21098427192A35300094521E /* README.md */,
			);
			sourceTree = "<group>";
		};
		210983E6192A31710094521E /* Products */ = {
			isa = PBXGroup;
			children = (
				210983E5192A31710094521E /* SpriteKitSpeedRun.app */,
				21098410192A31710094521E /* SpriteKitSpeedRunTests.xctest */,
			);
			name = Products;
			sourceTree = "<group>";
		};
		210983E7192A31710094521E /* Frameworks */ = {
			isa = PBXGroup;
			children = (
				210983E8192A31710094521E /* Foundation.framework */,
				210983EA192A31710094521E /* CoreGraphics.framework */,
				210983EC192A31710094521E /* UIKit.framework */,
				210983EE192A31710094521E /* SpriteKit.framework */,
				21098411192A31710094521E /* XCTest.framework */,
			);
			name = Frameworks;
			sourceTree = "<group>";
		};
		210983F0192A31710094521E /* SpriteKitSpeedRun */ = {
			isa = PBXGroup;
			children = (
				210983F9192A31710094521E /* MMAppDelegate.h */,
				210983FA192A31710094521E /* MMAppDelegate.m */,
				210983FC192A31710094521E /* Main_iPhone.storyboard */,
				210983FF192A31710094521E /* Main_iPad.storyboard */,
				21098402192A31710094521E /* MMViewController.h */,
				21098403192A31710094521E /* MMViewController.m */,
				21098405192A31710094521E /* MMMyScene.h */,
				21098406192A31710094521E /* MMMyScene.m */,
				21098408192A31710094521E /* Spaceship.png */,
				2109840A192A31710094521E /* Images.xcassets */,
				210983F1192A31710094521E /* Supporting Files */,
				2178E1CD192BD0DC0041252D /* StarField.sks */,
				2178E1CE192BD0DC0041252D /* spark.png */,
				219F6243192E53340054F227 /* SpriteTextures.xcassets */,
			);
			path = SpriteKitSpeedRun;
			sourceTree = "<group>";
		};
		210983F1192A31710094521E /* Supporting Files */ = {
			isa = PBXGroup;
			children = (
				210983F2192A31710094521E /* SpriteKitSpeedRun-Info.plist */,
				210983F3192A31710094521E /* InfoPlist.strings */,
				210983F6192A31710094521E /* main.m */,
				210983F8192A31710094521E /* SpriteKitSpeedRun-Prefix.pch */,
			);
			name = "Supporting Files";
			sourceTree = "<group>";
		};
		21098417192A31710094521E /* SpriteKitSpeedRunTests */ = {
			isa = PBXGroup;
			children = (
				2109841D192A31710094521E /* SpriteKitSpeedRunTests.m */,
				21098418192A31710094521E /* Supporting Files */,
			);
			path = SpriteKitSpeedRunTests;
			sourceTree = "<group>";
		};
		21098418192A31710094521E /* Supporting Files */ = {
			isa = PBXGroup;
			children = (
				21098419192A31710094521E /* SpriteKitSpeedRunTests-Info.plist */,
				2109841A192A31710094521E /* InfoPlist.strings */,
			);
			name = "Supporting Files";
			sourceTree = "<group>";
		};
/* End PBXGroup section */

/* Begin PBXNativeTarget section */
		210983E4192A31710094521E /* SpriteKitSpeedRun */ = {
			isa = PBXNativeTarget;
			buildConfigurationList = 21098421192A31710094521E /* Build configuration list for PBXNativeTarget "SpriteKitSpeedRun" */;
			buildPhases = (
				210983E1192A31710094521E /* Sources */,
				210983E2192A31710094521E /* Frameworks */,
				210983E3192A31710094521E /* Resources */,
			);
			buildRules = (
			);
			dependencies = (
			);
			name = SpriteKitSpeedRun;
			productName = SpriteKitSpeedRun;
			productReference = 210983E5192A31710094521E /* SpriteKitSpeedRun.app */;
			productType = "com.apple.product-type.application";
		};
		2109840F192A31710094521E /* SpriteKitSpeedRunTests */ = {
			isa = PBXNativeTarget;
			buildConfigurationList = 21098424192A31710094521E /* Build configuration list for PBXNativeTarget "SpriteKitSpeedRunTests" */;
			buildPhases = (
				2109840C192A31710094521E /* Sources */,
				2109840D192A31710094521E /* Frameworks */,
				2109840E192A31710094521E /* Resources */,
			);
			buildRules = (
			);
			dependencies = (
				21098416192A31710094521E /* PBXTargetDependency */,
			);
			name = SpriteKitSpeedRunTests;
			productName = SpriteKitSpeedRunTests;
			productReference = 21098410192A31710094521E /* SpriteKitSpeedRunTests.xctest */;
			productType = "com.apple.product-type.bundle.unit-test";
		};
/* End PBXNativeTarget section */

/* Begin PBXProject section */
		210983DD192A31710094521E /* Project object */ = {
			isa = PBXProject;
			attributes = {
				CLASSPREFIX = MM;
				LastUpgradeCheck = 0510;
				ORGANIZATIONNAME = "Mutual Mobile";
				TargetAttributes = {
					2109840F192A31710094521E = {
						TestTargetID = 210983E4192A31710094521E;
					};
				};
			};
			buildConfigurationList = 210983E0192A31710094521E /* Build configuration list for PBXProject "SpriteKitSpeedRun" */;
			compatibilityVersion = "Xcode 3.2";
			developmentRegion = English;
			hasScannedForEncodings = 0;
			knownRegions = (
				en,
				Base,
			);
			mainGroup = 210983DC192A31710094521E;
			productRefGroup = 210983E6192A31710094521E /* Products */;
			projectDirPath = "";
			projectRoot = "";
			targets = (
				210983E4192A31710094521E /* SpriteKitSpeedRun */,
				2109840F192A31710094521E /* SpriteKitSpeedRunTests */,
			);
		};
/* End PBXProject section */

/* Begin PBXResourcesBuildPhase section */
		210983E3192A31710094521E /* Resources */ = {
			isa = PBXResourcesBuildPhase;
			buildActionMask = 2147483647;
			files = (
				21098428192A35300094521E /* README.md in Resources */,
				21098409192A31710094521E /* Spaceship.png in Resources */,
				2109840B192A31710094521E /* Images.xcassets in Resources */,
				21098401192A31710094521E /* Main_iPad.storyboard in Resources */,
				2178E1CF192BD0DC0041252D /* StarField.sks in Resources */,
				219F6244192E53350054F227 /* SpriteTextures.xcassets in Resources */,
				2178E1D0192BD0DC0041252D /* spark.png in Resources */,
				210983FE192A31710094521E /* Main_iPhone.storyboard in Resources */,
				210983F5192A31710094521E /* InfoPlist.strings in Resources */,
			);
			runOnlyForDeploymentPostprocessing = 0;
		};
		2109840E192A31710094521E /* Resources */ = {
			isa = PBXResourcesBuildPhase;
			buildActionMask = 2147483647;
			files = (
				2109841C192A31710094521E /* InfoPlist.strings in Resources */,
			);
			runOnlyForDeploymentPostprocessing = 0;
		};
/* End PBXResourcesBuildPhase section */

/* Begin PBXSourcesBuildPhase section */
		210983E1192A31710094521E /* Sources */ = {
			isa = PBXSourcesBuildPhase;
			buildActionMask = 2147483647;
			files = (
				21098407192A31710094521E /* MMMyScene.m in Sources */,
				210983FB192A31710094521E /* MMAppDelegate.m in Sources */,
				21098404192A31710094521E /* MMViewController.m in Sources */,
				210983F7192A31710094521E /* main.m in Sources */,
			);
			runOnlyForDeploymentPostprocessing = 0;
		};
		2109840C192A31710094521E /* Sources */ = {
			isa = PBXSourcesBuildPhase;
			buildActionMask = 2147483647;
			files = (
				2109841E192A31710094521E /* SpriteKitSpeedRunTests.m in Sources */,
			);
			runOnlyForDeploymentPostprocessing = 0;
		};
/* End PBXSourcesBuildPhase section */

/* Begin PBXTargetDependency section */
		21098416192A31710094521E /* PBXTargetDependency */ = {
			isa = PBXTargetDependency;
			target = 210983E4192A31710094521E /* SpriteKitSpeedRun */;
			targetProxy = 21098415192A31710094521E /* PBXContainerItemProxy */;
		};
/* End PBXTargetDependency section */

/* Begin PBXVariantGroup section */
		210983F3192A31710094521E /* InfoPlist.strings */ = {
			isa = PBXVariantGroup;
			children = (
				210983F4192A31710094521E /* en */,
			);
			name = InfoPlist.strings;
			sourceTree = "<group>";
		};
		210983FC192A31710094521E /* Main_iPhone.storyboard */ = {
			isa = PBXVariantGroup;
			children = (
				210983FD192A31710094521E /* Base */,
			);
			name = Main_iPhone.storyboard;
			sourceTree = "<group>";
		};
		210983FF192A31710094521E /* Main_iPad.storyboard */ = {
			isa = PBXVariantGroup;
			children = (
				21098400192A31710094521E /* Base */,
			);
			name = Main_iPad.storyboard;
			sourceTree = "<group>";
		};
		2109841A192A31710094521E /* InfoPlist.strings */ = {
			isa = PBXVariantGroup;
			children = (
				2109841B192A31710094521E /* en */,
			);
			name = InfoPlist.strings;
			sourceTree = "<group>";
		};
/* End PBXVariantGroup section */

/* Begin XCBuildConfiguration section */
		2109841F192A31710094521E /* Debug */ = {
			isa = XCBuildConfiguration;
			buildSettings = {
				ALWAYS_SEARCH_USER_PATHS = NO;
				CLANG_CXX_LANGUAGE_STANDARD = "gnu++0x";
				CLANG_CXX_LIBRARY = "libc++";
				CLANG_ENABLE_MODULES = YES;
				CLANG_ENABLE_OBJC_ARC = YES;
				CLANG_WARN_BOOL_CONVERSION = YES;
				CLANG_WARN_CONSTANT_CONVERSION = YES;
				CLANG_WARN_DIRECT_OBJC_ISA_USAGE = YES_ERROR;
				CLANG_WARN_EMPTY_BODY = YES;
				CLANG_WARN_ENUM_CONVERSION = YES;
				CLANG_WARN_INT_CONVERSION = YES;
				CLANG_WARN_OBJC_ROOT_CLASS = YES_ERROR;
				CLANG_WARN__DUPLICATE_METHOD_MATCH = YES;
				"CODE_SIGN_IDENTITY[sdk=iphoneos*]" = "iPhone Developer";
				COPY_PHASE_STRIP = NO;
				GCC_C_LANGUAGE_STANDARD = gnu99;
				GCC_DYNAMIC_NO_PIC = NO;
				GCC_OPTIMIZATION_LEVEL = 0;
				GCC_PREPROCESSOR_DEFINITIONS = (
					"DEBUG=1",
					"$(inherited)",
				);
				GCC_SYMBOLS_PRIVATE_EXTERN = NO;
				GCC_WARN_64_TO_32_BIT_CONVERSION = YES;
				GCC_WARN_ABOUT_RETURN_TYPE = YES_ERROR;
				GCC_WARN_UNDECLARED_SELECTOR = YES;
				GCC_WARN_UNINITIALIZED_AUTOS = YES_AGGRESSIVE;
				GCC_WARN_UNUSED_FUNCTION = YES;
				GCC_WARN_UNUSED_VARIABLE = YES;
				IPHONEOS_DEPLOYMENT_TARGET = 7.1;
				ONLY_ACTIVE_ARCH = YES;
				SDKROOT = iphoneos;
				TARGETED_DEVICE_FAMILY = "1,2";
			};
			name = Debug;
		};
		21098420192A31710094521E /* Release */ = {
			isa = XCBuildConfiguration;
			buildSettings = {
				ALWAYS_SEARCH_USER_PATHS = NO;
				CLANG_CXX_LANGUAGE_STANDARD = "gnu++0x";
				CLANG_CXX_LIBRARY = "libc++";
				CLANG_ENABLE_MODULES = YES;
				CLANG_ENABLE_OBJC_ARC = YES;
				CLANG_WARN_BOOL_CONVERSION = YES;
				CLANG_WARN_CONSTANT_CONVERSION = YES;
				CLANG_WARN_DIRECT_OBJC_ISA_USAGE = YES_ERROR;
				CLANG_WARN_EMPTY_BODY = YES;
				CLANG_WARN_ENUM_CONVERSION = YES;
				CLANG_WARN_INT_CONVERSION = YES;
				CLANG_WARN_OBJC_ROOT_CLASS = YES_ERROR;
				CLANG_WARN__DUPLICATE_METHOD_MATCH = YES;
				"CODE_SIGN_IDENTITY[sdk=iphoneos*]" = "iPhone Developer";
				COPY_PHASE_STRIP = YES;
				ENABLE_NS_ASSERTIONS = NO;
				GCC_C_LANGUAGE_STANDARD = gnu99;
				GCC_WARN_64_TO_32_BIT_CONVERSION = YES;
				GCC_WARN_ABOUT_RETURN_TYPE = YES_ERROR;
				GCC_WARN_UNDECLARED_SELECTOR = YES;
				GCC_WARN_UNINITIALIZED_AUTOS = YES_AGGRESSIVE;
				GCC_WARN_UNUSED_FUNCTION = YES;
				GCC_WARN_UNUSED_VARIABLE = YES;
				IPHONEOS_DEPLOYMENT_TARGET = 7.1;
				SDKROOT = iphoneos;
				TARGETED_DEVICE_FAMILY = "1,2";
				VALIDATE_PRODUCT = YES;
			};
			name = Release;
		};
		21098422192A31710094521E /* Debug */ = {
			isa = XCBuildConfiguration;
			buildSettings = {
				ASSETCATALOG_COMPILER_APPICON_NAME = AppIcon;
				ASSETCATALOG_COMPILER_LAUNCHIMAGE_NAME = LaunchImage;
				GCC_PRECOMPILE_PREFIX_HEADER = YES;
				GCC_PREFIX_HEADER = "SpriteKitSpeedRun/SpriteKitSpeedRun-Prefix.pch";
				INFOPLIST_FILE = "SpriteKitSpeedRun/SpriteKitSpeedRun-Info.plist";
				PRODUCT_NAME = "$(TARGET_NAME)";
				SPRITEKIT_TEXTURE_ATLAS_OUTPUT = YES;
				WRAPPER_EXTENSION = app;
			};
			name = Debug;
		};
		21098423192A31710094521E /* Release */ = {
			isa = XCBuildConfiguration;
			buildSettings = {
				ASSETCATALOG_COMPILER_APPICON_NAME = AppIcon;
				ASSETCATALOG_COMPILER_LAUNCHIMAGE_NAME = LaunchImage;
				GCC_PRECOMPILE_PREFIX_HEADER = YES;
				GCC_PREFIX_HEADER = "SpriteKitSpeedRun/SpriteKitSpeedRun-Prefix.pch";
				INFOPLIST_FILE = "SpriteKitSpeedRun/SpriteKitSpeedRun-Info.plist";
				PRODUCT_NAME = "$(TARGET_NAME)";
				SPRITEKIT_TEXTURE_ATLAS_OUTPUT = YES;
				WRAPPER_EXTENSION = app;
			};
			name = Release;
		};
		21098425192A31710094521E /* Debug */ = {
			isa = XCBuildConfiguration;
			buildSettings = {
				BUNDLE_LOADER = "$(BUILT_PRODUCTS_DIR)/SpriteKitSpeedRun.app/SpriteKitSpeedRun";
				FRAMEWORK_SEARCH_PATHS = (
					"$(SDKROOT)/Developer/Library/Frameworks",
					"$(inherited)",
					"$(DEVELOPER_FRAMEWORKS_DIR)",
				);
				GCC_PRECOMPILE_PREFIX_HEADER = YES;
				GCC_PREFIX_HEADER = "SpriteKitSpeedRun/SpriteKitSpeedRun-Prefix.pch";
				GCC_PREPROCESSOR_DEFINITIONS = (
					"DEBUG=1",
					"$(inherited)",
				);
				INFOPLIST_FILE = "SpriteKitSpeedRunTests/SpriteKitSpeedRunTests-Info.plist";
				PRODUCT_NAME = "$(TARGET_NAME)";
				TEST_HOST = "$(BUNDLE_LOADER)";
				WRAPPER_EXTENSION = xctest;
			};
			name = Debug;
		};
		21098426192A31710094521E /* Release */ = {
			isa = XCBuildConfiguration;
			buildSettings = {
				BUNDLE_LOADER = "$(BUILT_PRODUCTS_DIR)/SpriteKitSpeedRun.app/SpriteKitSpeedRun";
				FRAMEWORK_SEARCH_PATHS = (
					"$(SDKROOT)/Developer/Library/Frameworks",
					"$(inherited)",
					"$(DEVELOPER_FRAMEWORKS_DIR)",
				);
				GCC_PRECOMPILE_PREFIX_HEADER = YES;
				GCC_PREFIX_HEADER = "SpriteKitSpeedRun/SpriteKitSpeedRun-Prefix.pch";
				INFOPLIST_FILE = "SpriteKitSpeedRunTests/SpriteKitSpeedRunTests-Info.plist";
				PRODUCT_NAME = "$(TARGET_NAME)";
				TEST_HOST = "$(BUNDLE_LOADER)";
				WRAPPER_EXTENSION = xctest;
			};
			name = Release;
		};
/* End XCBuildConfiguration section */

/* Begin XCConfigurationList section */
		210983E0192A31710094521E /* Build configuration list for PBXProject "SpriteKitSpeedRun" */ = {
			isa = XCConfigurationList;
			buildConfigurations = (
				2109841F192A31710094521E /* Debug */,
				21098420192A31710094521E /* Release */,
			);
			defaultConfigurationIsVisible = 0;
			defaultConfigurationName = Release;
		};
		21098421192A31710094521E /* Build configuration list for PBXNativeTarget "SpriteKitSpeedRun" */ = {
			isa = XCConfigurationList;
			buildConfigurations = (
				21098422192A31710094521E /* Debug */,
				21098423192A31710094521E /* Release */,
			);
			defaultConfigurationIsVisible = 0;
			defaultConfigurationName = Release;
		};
		21098424192A31710094521E /* Build configuration list for PBXNativeTarget "SpriteKitSpeedRunTests" */ = {
			isa = XCConfigurationList;
			buildConfigurations = (
				21098425192A31710094521E /* Debug */,
				21098426192A31710094521E /* Release */,
			);
			defaultConfigurationIsVisible = 0;
			defaultConfigurationName = Release;
		};
/* End XCConfigurationList section */
	};
	rootObject = 210983DD192A31710094521E /* Project object */;
}
